
Microsoft Visual Studio Solution File, Format Version 12.00
# Visual Studio 15
VisualStudioVersion = 15.0.28307.1684
MinimumVisualStudioVersion = 10.0.40219.1
Project("{FAE04EC0-301F-11D3-BF4B-00C04F79EFBC}") = "Oct14", "Oct14\Oct14.csproj", "{20DD2401-0EFC-42D0-821E-98DAC2AD9DE7}"
EndProject
Global
	GlobalSection(SolutionConfigurationPlatforms) = preSolution
		Debug|Any CPU = Debug|Any CPU
		Release|Any CPU = Release|Any CPU
	EndGlobalSection
	GlobalSection(ProjectConfigurationPlatforms) = postSolution
		{20DD2401-0EFC-42D0-821E-98DAC2AD9DE7}.Debug|Any CPU.ActiveCfg = Debug|Any CPU
		{20DD2401-0EFC-42D0-821E-98DAC2AD9DE7}.Debug|Any CPU.Build.0 = Debug|Any CPU
		{20DD2401-0EFC-42D0-821E-98DAC2AD9DE7}.Release|Any CPU.ActiveCfg = Release|Any CPU
		{20DD2401-0EFC-42D0-821E-98DAC2AD9DE7}.Release|Any CPU.Build.0 = Release|Any CPU
	EndGlobalSection
	GlobalSection(SolutionProperties) = preSolution
		HideSolutionNode = FALSE
	EndGlobalSection
	GlobalSection(ExtensibilityGlobals) = postSolution
		SolutionGuid = {14DBE59C-DBA5-48B8-9666-49887392CD05}
	EndGlobalSection
EndGlobal
